
Microsoft Visual Studio Solution File, Format Version 12.00
# Visual Studio Version 17
VisualStudioVersion = 17.1.32210.238
MinimumVisualStudioVersion = 10.0.40219.1
Project("{FAE04EC0-301F-11D3-BF4B-00C04F79EFBC}") = "workflow orchestration engine", "workflow orchestration engine\workflow orchestration engine.csproj", "{17960D4F-4E90-45F1-9495-05640126F6E4}"
EndProject
Global
	GlobalSection(SolutionConfigurationPlatforms) = preSolution
		Debug|Any CPU = Debug|Any CPU
		Release|Any CPU = Release|Any CPU
	EndGlobalSection
	GlobalSection(ProjectConfigurationPlatforms) = postSolution
		{17960D4F-4E90-45F1-9495-05640126F6E4}.Debug|Any CPU.ActiveCfg = Debug|Any CPU
		{17960D4F-4E90-45F1-9495-05640126F6E4}.Debug|Any CPU.Build.0 = Debug|Any CPU
		{17960D4F-4E90-45F1-9495-05640126F6E4}.Release|Any CPU.ActiveCfg = Release|Any CPU
		{17960D4F-4E90-45F1-9495-05640126F6E4}.Release|Any CPU.Build.0 = Release|Any CPU
	EndGlobalSection
	GlobalSection(SolutionProperties) = preSolution
		HideSolutionNode = FALSE
	EndGlobalSection
	GlobalSection(ExtensibilityGlobals) = postSolution
		SolutionGuid = {82333258-8BCD-4C81-95E1-852F80855547}
	EndGlobalSection
EndGlobal
